
Microsoft Visual Studio Solution File, Format Version 12.00
# Visual Studio 2012
Project("{FAE04EC0-301F-11D3-BF4B-00C04F79EFBC}") = "SankaWeek15DBApplication", "SankaWeek15DBApplication\SankaWeek15DBApplication.csproj", "{9DCE301E-6483-422A-B141-591EF7E865A1}"
EndProject
Project("{FAE04EC0-301F-11D3-BF4B-00C04F79EFBC}") = "DBApplication", "DBApplication\DBApplication.csproj", "{09D08681-C1E6-40FE-BA3F-3FDC6CDD0005}"
EndProject
Global
	GlobalSection(SolutionConfigurationPlatforms) = preSolution
		Debug|Any CPU = Debug|Any CPU
		Release|Any CPU = Release|Any CPU
	EndGlobalSection
	GlobalSection(ProjectConfigurationPlatforms) = postSolution
		{9DCE301E-6483-422A-B141-591EF7E865A1}.Debug|Any CPU.ActiveCfg = Debug|Any CPU
		{9DCE301E-6483-422A-B141-591EF7E865A1}.Debug|Any CPU.Build.0 = Debug|Any CPU
		{9DCE301E-6483-422A-B141-591EF7E865A1}.Release|Any CPU.ActiveCfg = Release|Any CPU
		{9DCE301E-6483-422A-B141-591EF7E865A1}.Release|Any CPU.Build.0 = Release|Any CPU
		{09D08681-C1E6-40FE-BA3F-3FDC6CDD0005}.Debug|Any CPU.ActiveCfg = Debug|Any CPU
		{09D08681-C1E6-40FE-BA3F-3FDC6CDD0005}.Debug|Any CPU.Build.0 = Debug|Any CPU
		{09D08681-C1E6-40FE-BA3F-3FDC6CDD0005}.Release|Any CPU.ActiveCfg = Release|Any CPU
		{09D08681-C1E6-40FE-BA3F-3FDC6CDD0005}.Release|Any CPU.Build.0 = Release|Any CPU
	EndGlobalSection
	GlobalSection(SolutionProperties) = preSolution
		HideSolutionNode = FALSE
	EndGlobalSection
EndGlobal
